
Microsoft Visual Studio Solution File, Format Version 12.00
# Visual Studio Version 16
VisualStudioVersion = 16.0.30907.101
MinimumVisualStudioVersion = 10.0.40219.1
Project("{FAE04EC0-301F-11D3-BF4B-00C04F79EFBC}") = "CodilityAutomationPractice", "CodilityAutomationPractice\CodilityAutomationPractice.csproj", "{21A2CAEA-4410-4049-9E0C-D0C36E4EABE5}"
EndProject
Global
	GlobalSection(SolutionConfigurationPlatforms) = preSolution
		Debug|Any CPU = Debug|Any CPU
		Release|Any CPU = Release|Any CPU
	EndGlobalSection
	GlobalSection(ProjectConfigurationPlatforms) = postSolution
		{21A2CAEA-4410-4049-9E0C-D0C36E4EABE5}.Debug|Any CPU.ActiveCfg = Debug|Any CPU
		{21A2CAEA-4410-4049-9E0C-D0C36E4EABE5}.Debug|Any CPU.Build.0 = Debug|Any CPU
		{21A2CAEA-4410-4049-9E0C-D0C36E4EABE5}.Release|Any CPU.ActiveCfg = Release|Any CPU
		{21A2CAEA-4410-4049-9E0C-D0C36E4EABE5}.Release|Any CPU.Build.0 = Release|Any CPU
	EndGlobalSection
	GlobalSection(SolutionProperties) = preSolution
		HideSolutionNode = FALSE
	EndGlobalSection
	GlobalSection(ExtensibilityGlobals) = postSolution
		SolutionGuid = {618D324E-15DD-4FC3-86BB-3E1FBFB9ACA0}
	EndGlobalSection
EndGlobal
